
Microsoft Visual Studio Solution File, Format Version 12.00
# Visual Studio 15
VisualStudioVersion = 15.0.26730.10
MinimumVisualStudioVersion = 10.0.40219.1


Project("{9A19103F-16F7-4668-BE54-9A1E7A4F7556}") = "AppMobile", "AppMobile\AppMobile\AppMobile.csproj", "{592E732F-ACA8-45D0-AC78-B41BD8EDBF48}"
EndProject

Project("{FAE04EC0-301F-11D3-BF4B-00C04F79EFBC}") = "AppMobile.iOS", "AppMobile\AppMobile.iOS\AppMobile.iOS.csproj", "{62A7BA86-863D-4845-9355-D76D7470BEAE}"
EndProject


Project("{FAE04EC0-301F-11D3-BF4B-00C04F79EFBC}") = "AppMobile.Android", "AppMobile\AppMobile.Android\AppMobile.Android.csproj", "{5E8FC16C-5598-4807-BCBF-E9E65B1D2356}"
EndProject

Project("{FAE04EC0-301F-11D3-BF4B-00C04F79EFBC}") = "AppMobile.UWP", "AppMobile\AppMobile.UWP\AppMobile.UWP.csproj", "{95FA5B18-11E0-47FD-AAC5-9702D268DC47}"
EndProject

Global
	GlobalSection(SolutionConfigurationPlatforms) = preSolution
		Ad-Hoc|Any CPU = Ad-Hoc|Any CPU
		Ad-Hoc|ARM = Ad-Hoc|ARM
		Ad-Hoc|iPhone = Ad-Hoc|iPhone
		Ad-Hoc|iPhoneSimulator = Ad-Hoc|iPhoneSimulator
		Ad-Hoc|x64 = Ad-Hoc|x64
		Ad-Hoc|x86 = Ad-Hoc|x86
		AppStore|Any CPU = AppStore|Any CPU
		AppStore|ARM = AppStore|ARM
		AppStore|iPhone = AppStore|iPhone
		AppStore|iPhoneSimulator = AppStore|iPhoneSimulator
		AppStore|x64 = AppStore|x64
		AppStore|x86 = AppStore|x86
		Debug|Any CPU = Debug|Any CPU
		Debug|ARM = Debug|ARM
		Debug|iPhone = Debug|iPhone
		Debug|iPhoneSimulator = Debug|iPhoneSimulator
		Debug|x64 = Debug|x64
		Debug|x86 = Debug|x86
		Release|Any CPU = Release|Any CPU
		Release|ARM = Release|ARM
		Release|iPhone = Release|iPhone
		Release|iPhoneSimulator = Release|iPhoneSimulator
		Release|x64 = Release|x64
		Release|x86 = Release|x86
	EndGlobalSection
	GlobalSection(ProjectConfigurationPlatforms) = postSolution
		{592E732F-ACA8-45D0-AC78-B41BD8EDBF48}.Ad-Hoc|Any CPU.ActiveCfg = Debug|Any CPU
		{592E732F-ACA8-45D0-AC78-B41BD8EDBF48}.Ad-Hoc|Any CPU.Build.0 = Debug|Any CPU
		{592E732F-ACA8-45D0-AC78-B41BD8EDBF48}.Ad-Hoc|ARM.ActiveCfg = Debug|Any CPU
		{592E732F-ACA8-45D0-AC78-B41BD8EDBF48}.Ad-Hoc|ARM.Build.0 = Debug|Any CPU
		{592E732F-ACA8-45D0-AC78-B41BD8EDBF48}.Ad-Hoc|iPhone.ActiveCfg = Debug|Any CPU
		{592E732F-ACA8-45D0-AC78-B41BD8EDBF48}.Ad-Hoc|iPhone.Build.0 = Debug|Any CPU
		{592E732F-ACA8-45D0-AC78-B41BD8EDBF48}.Ad-Hoc|iPhoneSimulator.ActiveCfg = Debug|Any CPU
		{592E732F-ACA8-45D0-AC78-B41BD8EDBF48}.Ad-Hoc|iPhoneSimulator.Build.0 = Debug|Any CPU
		{592E732F-ACA8-45D0-AC78-B41BD8EDBF48}.Ad-Hoc|x64.ActiveCfg = Debug|Any CPU
		{592E732F-ACA8-45D0-AC78-B41BD8EDBF48}.Ad-Hoc|x64.Build.0 = Debug|Any CPU
		{592E732F-ACA8-45D0-AC78-B41BD8EDBF48}.Ad-Hoc|x86.ActiveCfg = Debug|Any CPU
		{592E732F-ACA8-45D0-AC78-B41BD8EDBF48}.Ad-Hoc|x86.Build.0 = Debug|Any CPU
		{592E732F-ACA8-45D0-AC78-B41BD8EDBF48}.AppStore|Any CPU.ActiveCfg = Debug|Any CPU
		{592E732F-ACA8-45D0-AC78-B41BD8EDBF48}.AppStore|Any CPU.Build.0 = Debug|Any CPU
		{592E732F-ACA8-45D0-AC78-B41BD8EDBF48}.AppStore|ARM.ActiveCfg = Debug|Any CPU
		{592E732F-ACA8-45D0-AC78-B41BD8EDBF48}.AppStore|ARM.Build.0 = Debug|Any CPU
		{592E732F-ACA8-45D0-AC78-B41BD8EDBF48}.AppStore|iPhone.ActiveCfg = Debug|Any CPU
		{592E732F-ACA8-45D0-AC78-B41BD8EDBF48}.AppStore|iPhone.Build.0 = Debug|Any CPU
		{592E732F-ACA8-45D0-AC78-B41BD8EDBF48}.AppStore|iPhoneSimulator.ActiveCfg = Debug|Any CPU
		{592E732F-ACA8-45D0-AC78-B41BD8EDBF48}.AppStore|iPhoneSimulator.Build.0 = Debug|Any CPU
		{592E732F-ACA8-45D0-AC78-B41BD8EDBF48}.AppStore|x64.ActiveCfg = Debug|Any CPU
		{592E732F-ACA8-45D0-AC78-B41BD8EDBF48}.AppStore|x64.Build.0 = Debug|Any CPU
		{592E732F-ACA8-45D0-AC78-B41BD8EDBF48}.AppStore|x86.ActiveCfg = Debug|Any CPU
		{592E732F-ACA8-45D0-AC78-B41BD8EDBF48}.AppStore|x86.Build.0 = Debug|Any CPU
		{592E732F-ACA8-45D0-AC78-B41BD8EDBF48}.Debug|Any CPU.ActiveCfg = Debug|Any CPU
		{592E732F-ACA8-45D0-AC78-B41BD8EDBF48}.Debug|Any CPU.Build.0 = Debug|Any CPU
		{592E732F-ACA8-45D0-AC78-B41BD8EDBF48}.Debug|ARM.ActiveCfg = Debug|Any CPU
		{592E732F-ACA8-45D0-AC78-B41BD8EDBF48}.Debug|ARM.Build.0 = Debug|Any CPU
		{592E732F-ACA8-45D0-AC78-B41BD8EDBF48}.Debug|iPhone.ActiveCfg = Debug|Any CPU
		{592E732F-ACA8-45D0-AC78-B41BD8EDBF48}.Debug|iPhone.Build.0 = Debug|Any CPU
		{592E732F-ACA8-45D0-AC78-B41BD8EDBF48}.Debug|iPhoneSimulator.ActiveCfg = Debug|Any CPU
		{592E732F-ACA8-45D0-AC78-B41BD8EDBF48}.Debug|iPhoneSimulator.Build.0 = Debug|Any CPU
		{592E732F-ACA8-45D0-AC78-B41BD8EDBF48}.Debug|x64.ActiveCfg = Debug|Any CPU
		{592E732F-ACA8-45D0-AC78-B41BD8EDBF48}.Debug|x64.Build.0 = Debug|Any CPU
		{592E732F-ACA8-45D0-AC78-B41BD8EDBF48}.Debug|x86.ActiveCfg = Debug|Any CPU
		{592E732F-ACA8-45D0-AC78-B41BD8EDBF48}.Debug|x86.Build.0 = Debug|Any CPU
		{592E732F-ACA8-45D0-AC78-B41BD8EDBF48}.Release|Any CPU.ActiveCfg = Release|Any CPU
		{592E732F-ACA8-45D0-AC78-B41BD8EDBF48}.Release|Any CPU.Build.0 = Release|Any CPU
		{592E732F-ACA8-45D0-AC78-B41BD8EDBF48}.Release|ARM.ActiveCfg = Release|Any CPU
		{592E732F-ACA8-45D0-AC78-B41BD8EDBF48}.Release|ARM.Build.0 = Release|Any CPU
		{592E732F-ACA8-45D0-AC78-B41BD8EDBF48}.Release|iPhone.ActiveCfg = Release|Any CPU
		{592E732F-ACA8-45D0-AC78-B41BD8EDBF48}.Release|iPhone.Build.0 = Release|Any CPU
		{592E732F-ACA8-45D0-AC78-B41BD8EDBF48}.Release|iPhoneSimulator.ActiveCfg = Release|Any CPU
		{592E732F-ACA8-45D0-AC78-B41BD8EDBF48}.Release|iPhoneSimulator.Build.0 = Release|Any CPU
		{592E732F-ACA8-45D0-AC78-B41BD8EDBF48}.Release|x64.ActiveCfg = Release|Any CPU
		{592E732F-ACA8-45D0-AC78-B41BD8EDBF48}.Release|x64.Build.0 = Release|Any CPU
		{592E732F-ACA8-45D0-AC78-B41BD8EDBF48}.Release|x86.ActiveCfg = Release|Any CPU
		{592E732F-ACA8-45D0-AC78-B41BD8EDBF48}.Release|x86.Build.0 = Release|Any CPU
		{62A7BA86-863D-4845-9355-D76D7470BEAE}.Ad-Hoc|Any CPU.ActiveCfg = Ad-Hoc|iPhone
		{62A7BA86-863D-4845-9355-D76D7470BEAE}.Ad-Hoc|ARM.ActiveCfg = Ad-Hoc|iPhone
		{62A7BA86-863D-4845-9355-D76D7470BEAE}.Ad-Hoc|iPhone.ActiveCfg = Ad-Hoc|iPhone
		{62A7BA86-863D-4845-9355-D76D7470BEAE}.Ad-Hoc|iPhone.Build.0 = Ad-Hoc|iPhone
		{62A7BA86-863D-4845-9355-D76D7470BEAE}.Ad-Hoc|iPhoneSimulator.ActiveCfg = Ad-Hoc|iPhoneSimulator
		{62A7BA86-863D-4845-9355-D76D7470BEAE}.Ad-Hoc|iPhoneSimulator.Build.0 = Ad-Hoc|iPhoneSimulator
		{62A7BA86-863D-4845-9355-D76D7470BEAE}.Ad-Hoc|x64.ActiveCfg = Ad-Hoc|iPhone
		{62A7BA86-863D-4845-9355-D76D7470BEAE}.Ad-Hoc|x86.ActiveCfg = Ad-Hoc|iPhone
		{62A7BA86-863D-4845-9355-D76D7470BEAE}.AppStore|Any CPU.ActiveCfg = AppStore|iPhone
		{62A7BA86-863D-4845-9355-D76D7470BEAE}.AppStore|ARM.ActiveCfg = AppStore|iPhone
		{62A7BA86-863D-4845-9355-D76D7470BEAE}.AppStore|iPhone.ActiveCfg = AppStore|iPhone
		{62A7BA86-863D-4845-9355-D76D7470BEAE}.AppStore|iPhone.Build.0 = AppStore|iPhone
		{62A7BA86-863D-4845-9355-D76D7470BEAE}.AppStore|iPhoneSimulator.ActiveCfg = AppStore|iPhoneSimulator
		{62A7BA86-863D-4845-9355-D76D7470BEAE}.AppStore|iPhoneSimulator.Build.0 = AppStore|iPhoneSimulator
		{62A7BA86-863D-4845-9355-D76D7470BEAE}.AppStore|x64.ActiveCfg = AppStore|iPhone
		{62A7BA86-863D-4845-9355-D76D7470BEAE}.AppStore|x86.ActiveCfg = AppStore|iPhone
		{62A7BA86-863D-4845-9355-D76D7470BEAE}.Debug|Any CPU.ActiveCfg = Debug|iPhone
		{62A7BA86-863D-4845-9355-D76D7470BEAE}.Debug|ARM.ActiveCfg = Debug|iPhone
		{62A7BA86-863D-4845-9355-D76D7470BEAE}.Debug|iPhone.ActiveCfg = Debug|iPhone
		{62A7BA86-863D-4845-9355-D76D7470BEAE}.Debug|iPhone.Build.0 = Debug|iPhone
		{62A7BA86-863D-4845-9355-D76D7470BEAE}.Debug|iPhoneSimulator.ActiveCfg = Debug|iPhoneSimulator
		{62A7BA86-863D-4845-9355-D76D7470BEAE}.Debug|iPhoneSimulator.Build.0 = Debug|iPhoneSimulator
		{62A7BA86-863D-4845-9355-D76D7470BEAE}.Debug|x64.ActiveCfg = Debug|iPhone
		{62A7BA86-863D-4845-9355-D76D7470BEAE}.Debug|x86.ActiveCfg = Debug|iPhone
		{62A7BA86-863D-4845-9355-D76D7470BEAE}.Release|Any CPU.ActiveCfg = Release|iPhone
		{62A7BA86-863D-4845-9355-D76D7470BEAE}.Release|ARM.ActiveCfg = Release|iPhone
		{62A7BA86-863D-4845-9355-D76D7470BEAE}.Release|iPhone.ActiveCfg = Release|iPhone
		{62A7BA86-863D-4845-9355-D76D7470BEAE}.Release|iPhone.Build.0 = Release|iPhone
		{62A7BA86-863D-4845-9355-D76D7470BEAE}.Release|iPhoneSimulator.ActiveCfg = Release|iPhoneSimulator
		{62A7BA86-863D-4845-9355-D76D7470BEAE}.Release|iPhoneSimulator.Build.0 = Release|iPhoneSimulator
		{62A7BA86-863D-4845-9355-D76D7470BEAE}.Release|x64.ActiveCfg = Release|iPhone
		{62A7BA86-863D-4845-9355-D76D7470BEAE}.Release|x86.ActiveCfg = Release|iPhone
		{95FA5B18-11E0-47FD-AAC5-9702D268DC47}.Ad-Hoc|Any CPU.ActiveCfg = Release|x86
		{95FA5B18-11E0-47FD-AAC5-9702D268DC47}.Ad-Hoc|Any CPU.Build.0 = Release|x86
		{95FA5B18-11E0-47FD-AAC5-9702D268DC47}.Ad-Hoc|Any CPU.Deploy.0 = Release|x86
		{95FA5B18-11E0-47FD-AAC5-9702D268DC47}.Ad-Hoc|ARM.ActiveCfg = Release|ARM
		{95FA5B18-11E0-47FD-AAC5-9702D268DC47}.Ad-Hoc|ARM.Build.0 = Release|ARM
		{95FA5B18-11E0-47FD-AAC5-9702D268DC47}.Ad-Hoc|ARM.Deploy.0 = Release|ARM
		{95FA5B18-11E0-47FD-AAC5-9702D268DC47}.Ad-Hoc|iPhone.ActiveCfg = Release|x86
		{95FA5B18-11E0-47FD-AAC5-9702D268DC47}.Ad-Hoc|iPhone.Build.0 = Release|x86
		{95FA5B18-11E0-47FD-AAC5-9702D268DC47}.Ad-Hoc|iPhone.Deploy.0 = Release|x86
		{95FA5B18-11E0-47FD-AAC5-9702D268DC47}.Ad-Hoc|iPhoneSimulator.ActiveCfg = Release|x86
		{95FA5B18-11E0-47FD-AAC5-9702D268DC47}.Ad-Hoc|iPhoneSimulator.Build.0 = Release|x86
		{95FA5B18-11E0-47FD-AAC5-9702D268DC47}.Ad-Hoc|iPhoneSimulator.Deploy.0 = Release|x86
		{95FA5B18-11E0-47FD-AAC5-9702D268DC47}.Ad-Hoc|x64.ActiveCfg = Release|x64
		{95FA5B18-11E0-47FD-AAC5-9702D268DC47}.Ad-Hoc|x64.Build.0 = Release|x64
		{95FA5B18-11E0-47FD-AAC5-9702D268DC47}.Ad-Hoc|x64.Deploy.0 = Release|x64
		{95FA5B18-11E0-47FD-AAC5-9702D268DC47}.Ad-Hoc|x86.ActiveCfg = Release|x86
		{95FA5B18-11E0-47FD-AAC5-9702D268DC47}.Ad-Hoc|x86.Build.0 = Release|x86
		{95FA5B18-11E0-47FD-AAC5-9702D268DC47}.Ad-Hoc|x86.Deploy.0 = Release|x86
		{95FA5B18-11E0-47FD-AAC5-9702D268DC47}.AppStore|Any CPU.ActiveCfg = Release|x86
		{95FA5B18-11E0-47FD-AAC5-9702D268DC47}.AppStore|Any CPU.Build.0 = Release|x86
		{95FA5B18-11E0-47FD-AAC5-9702D268DC47}.AppStore|Any CPU.Deploy.0 = Release|x86
		{95FA5B18-11E0-47FD-AAC5-9702D268DC47}.AppStore|ARM.ActiveCfg = Release|ARM
		{95FA5B18-11E0-47FD-AAC5-9702D268DC47}.AppStore|ARM.Build.0 = Release|ARM
		{95FA5B18-11E0-47FD-AAC5-9702D268DC47}.AppStore|ARM.Deploy.0 = Release|ARM
		{95FA5B18-11E0-47FD-AAC5-9702D268DC47}.AppStore|iPhone.ActiveCfg = Release|x86
		{95FA5B18-11E0-47FD-AAC5-9702D268DC47}.AppStore|iPhone.Build.0 = Release|x86
		{95FA5B18-11E0-47FD-AAC5-9702D268DC47}.AppStore|iPhone.Deploy.0 = Release|x86
		{95FA5B18-11E0-47FD-AAC5-9702D268DC47}.AppStore|iPhoneSimulator.ActiveCfg = Release|x86
		{95FA5B18-11E0-47FD-AAC5-9702D268DC47}.AppStore|iPhoneSimulator.Build.0 = Release|x86
		{95FA5B18-11E0-47FD-AAC5-9702D268DC47}.AppStore|iPhoneSimulator.Deploy.0 = Release|x86
		{95FA5B18-11E0-47FD-AAC5-9702D268DC47}.AppStore|x64.ActiveCfg = Release|x64
		{95FA5B18-11E0-47FD-AAC5-9702D268DC47}.AppStore|x64.Build.0 = Release|x64
		{95FA5B18-11E0-47FD-AAC5-9702D268DC47}.AppStore|x64.Deploy.0 = Release|x64
		{95FA5B18-11E0-47FD-AAC5-9702D268DC47}.AppStore|x86.ActiveCfg = Release|x86
		{95FA5B18-11E0-47FD-AAC5-9702D268DC47}.AppStore|x86.Build.0 = Release|x86
		{95FA5B18-11E0-47FD-AAC5-9702D268DC47}.AppStore|x86.Deploy.0 = Release|x86
		{95FA5B18-11E0-47FD-AAC5-9702D268DC47}.Debug|Any CPU.ActiveCfg = Debug|x86
		{95FA5B18-11E0-47FD-AAC5-9702D268DC47}.Debug|ARM.ActiveCfg = Debug|ARM
		{95FA5B18-11E0-47FD-AAC5-9702D268DC47}.Debug|ARM.Build.0 = Debug|ARM
		{95FA5B18-11E0-47FD-AAC5-9702D268DC47}.Debug|ARM.Deploy.0 = Debug|ARM
		{95FA5B18-11E0-47FD-AAC5-9702D268DC47}.Debug|iPhone.ActiveCfg = Debug|x86
		{95FA5B18-11E0-47FD-AAC5-9702D268DC47}.Debug|iPhoneSimulator.ActiveCfg = Debug|x86
		{95FA5B18-11E0-47FD-AAC5-9702D268DC47}.Debug|x64.ActiveCfg = Debug|x64
		{95FA5B18-11E0-47FD-AAC5-9702D268DC47}.Debug|x64.Build.0 = Debug|x64
		{95FA5B18-11E0-47FD-AAC5-9702D268DC47}.Debug|x64.Deploy.0 = Debug|x64
		{95FA5B18-11E0-47FD-AAC5-9702D268DC47}.Debug|x86.ActiveCfg = Debug|x86
		{95FA5B18-11E0-47FD-AAC5-9702D268DC47}.Debug|x86.Build.0 = Debug|x86
		{95FA5B18-11E0-47FD-AAC5-9702D268DC47}.Debug|x86.Deploy.0 = Debug|x86
		{95FA5B18-11E0-47FD-AAC5-9702D268DC47}.Release|Any CPU.ActiveCfg = Release|x86
		{95FA5B18-11E0-47FD-AAC5-9702D268DC47}.Release|ARM.ActiveCfg = Release|ARM
		{95FA5B18-11E0-47FD-AAC5-9702D268DC47}.Release|ARM.Build.0 = Release|ARM
		{95FA5B18-11E0-47FD-AAC5-9702D268DC47}.Release|ARM.Deploy.0 = Release|ARM
		{95FA5B18-11E0-47FD-AAC5-9702D268DC47}.Release|iPhone.ActiveCfg = Release|x86
		{95FA5B18-11E0-47FD-AAC5-9702D268DC47}.Release|iPhoneSimulator.ActiveCfg = Release|x86
		{95FA5B18-11E0-47FD-AAC5-9702D268DC47}.Release|x64.ActiveCfg = Release|x64
		{95FA5B18-11E0-47FD-AAC5-9702D268DC47}.Release|x64.Build.0 = Release|x64
		{95FA5B18-11E0-47FD-AAC5-9702D268DC47}.Release|x64.Deploy.0 = Release|x64
		{95FA5B18-11E0-47FD-AAC5-9702D268DC47}.Release|x86.ActiveCfg = Release|x86
		{95FA5B18-11E0-47FD-AAC5-9702D268DC47}.Release|x86.Build.0 = Release|x86
		{95FA5B18-11E0-47FD-AAC5-9702D268DC47}.Release|x86.Deploy.0 = Release|x86
		{20FDA6ED-B68E-4610-807B-F358668F181E}.Ad-Hoc|Any CPU.ActiveCfg = Release|Any CPU
		{20FDA6ED-B68E-4610-807B-F358668F181E}.Ad-Hoc|Any CPU.Build.0 = Release|Any CPU
		{20FDA6ED-B68E-4610-807B-F358668F181E}.Ad-Hoc|Any CPU.Deploy.0 = Release|Any CPU
		{20FDA6ED-B68E-4610-807B-F358668F181E}.Ad-Hoc|ARM.ActiveCfg = Release|Any CPU
		{20FDA6ED-B68E-4610-807B-F358668F181E}.Ad-Hoc|ARM.Build.0 = Release|Any CPU
		{20FDA6ED-B68E-4610-807B-F358668F181E}.Ad-Hoc|ARM.Deploy.0 = Release|Any CPU
		{20FDA6ED-B68E-4610-807B-F358668F181E}.Ad-Hoc|iPhone.ActiveCfg = Release|Any CPU
		{20FDA6ED-B68E-4610-807B-F358668F181E}.Ad-Hoc|iPhone.Build.0 = Release|Any CPU
		{20FDA6ED-B68E-4610-807B-F358668F181E}.Ad-Hoc|iPhone.Deploy.0 = Release|Any CPU
		{20FDA6ED-B68E-4610-807B-F358668F181E}.Ad-Hoc|iPhoneSimulator.ActiveCfg = Release|Any CPU
		{20FDA6ED-B68E-4610-807B-F358668F181E}.Ad-Hoc|iPhoneSimulator.Build.0 = Release|Any CPU
		{20FDA6ED-B68E-4610-807B-F358668F181E}.Ad-Hoc|iPhoneSimulator.Deploy.0 = Release|Any CPU
		{20FDA6ED-B68E-4610-807B-F358668F181E}.Ad-Hoc|x64.ActiveCfg = Release|Any CPU
		{20FDA6ED-B68E-4610-807B-F358668F181E}.Ad-Hoc|x64.Build.0 = Release|Any CPU
		{20FDA6ED-B68E-4610-807B-F358668F181E}.Ad-Hoc|x64.Deploy.0 = Release|Any CPU
		{20FDA6ED-B68E-4610-807B-F358668F181E}.Ad-Hoc|x86.ActiveCfg = Release|Any CPU
		{20FDA6ED-B68E-4610-807B-F358668F181E}.Ad-Hoc|x86.Build.0 = Release|Any CPU
		{20FDA6ED-B68E-4610-807B-F358668F181E}.Ad-Hoc|x86.Deploy.0 = Release|Any CPU
		{20FDA6ED-B68E-4610-807B-F358668F181E}.AppStore|Any CPU.ActiveCfg = Release|Any CPU
		{20FDA6ED-B68E-4610-807B-F358668F181E}.AppStore|Any CPU.Build.0 = Release|Any CPU
		{20FDA6ED-B68E-4610-807B-F358668F181E}.AppStore|Any CPU.Deploy.0 = Release|Any CPU
		{20FDA6ED-B68E-4610-807B-F358668F181E}.AppStore|ARM.ActiveCfg = Release|Any CPU
		{20FDA6ED-B68E-4610-807B-F358668F181E}.AppStore|ARM.Build.0 = Release|Any CPU
		{20FDA6ED-B68E-4610-807B-F358668F181E}.AppStore|ARM.Deploy.0 = Release|Any CPU
		{20FDA6ED-B68E-4610-807B-F358668F181E}.AppStore|iPhone.ActiveCfg = Release|Any CPU
		{20FDA6ED-B68E-4610-807B-F358668F181E}.AppStore|iPhone.Build.0 = Release|Any CPU
		{20FDA6ED-B68E-4610-807B-F358668F181E}.AppStore|iPhone.Deploy.0 = Release|Any CPU
		{20FDA6ED-B68E-4610-807B-F358668F181E}.AppStore|iPhoneSimulator.ActiveCfg = Release|Any CPU
		{20FDA6ED-B68E-4610-807B-F358668F181E}.AppStore|iPhoneSimulator.Build.0 = Release|Any CPU
		{20FDA6ED-B68E-4610-807B-F358668F181E}.AppStore|iPhoneSimulator.Deploy.0 = Release|Any CPU
		{20FDA6ED-B68E-4610-807B-F358668F181E}.AppStore|x64.ActiveCfg = Release|Any CPU
		{20FDA6ED-B68E-4610-807B-F358668F181E}.AppStore|x64.Build.0 = Release|Any CPU
		{20FDA6ED-B68E-4610-807B-F358668F181E}.AppStore|x64.Deploy.0 = Release|Any CPU
		{20FDA6ED-B68E-4610-807B-F358668F181E}.AppStore|x86.ActiveCfg = Release|Any CPU
		{20FDA6ED-B68E-4610-807B-F358668F181E}.AppStore|x86.Build.0 = Release|Any CPU
		{20FDA6ED-B68E-4610-807B-F358668F181E}.AppStore|x86.Deploy.0 = Release|Any CPU
		{20FDA6ED-B68E-4610-807B-F358668F181E}.Debug|Any CPU.ActiveCfg = Debug|Any CPU
		{20FDA6ED-B68E-4610-807B-F358668F181E}.Debug|Any CPU.Build.0 = Debug|Any CPU
		{20FDA6ED-B68E-4610-807B-F358668F181E}.Debug|Any CPU.Deploy.0 = Debug|Any CPU
		{20FDA6ED-B68E-4610-807B-F358668F181E}.Debug|ARM.ActiveCfg = Debug|Any CPU
		{20FDA6ED-B68E-4610-807B-F358668F181E}.Debug|ARM.Build.0 = Debug|Any CPU
		{20FDA6ED-B68E-4610-807B-F358668F181E}.Debug|ARM.Deploy.0 = Debug|Any CPU
		{20FDA6ED-B68E-4610-807B-F358668F181E}.Debug|iPhone.ActiveCfg = Debug|Any CPU
		{20FDA6ED-B68E-4610-807B-F358668F181E}.Debug|iPhone.Build.0 = Debug|Any CPU
		{20FDA6ED-B68E-4610-807B-F358668F181E}.Debug|iPhone.Deploy.0 = Debug|Any CPU
		{20FDA6ED-B68E-4610-807B-F358668F181E}.Debug|iPhoneSimulator.ActiveCfg = Debug|Any CPU
		{20FDA6ED-B68E-4610-807B-F358668F181E}.Debug|iPhoneSimulator.Build.0 = Debug|Any CPU
		{20FDA6ED-B68E-4610-807B-F358668F181E}.Debug|iPhoneSimulator.Deploy.0 = Debug|Any CPU
		{20FDA6ED-B68E-4610-807B-F358668F181E}.Debug|x64.ActiveCfg = Debug|Any CPU
		{20FDA6ED-B68E-4610-807B-F358668F181E}.Debug|x64.Build.0 = Debug|Any CPU
		{20FDA6ED-B68E-4610-807B-F358668F181E}.Debug|x64.Deploy.0 = Debug|Any CPU
		{20FDA6ED-B68E-4610-807B-F358668F181E}.Debug|x86.ActiveCfg = Debug|Any CPU
		{20FDA6ED-B68E-4610-807B-F358668F181E}.Debug|x86.Build.0 = Debug|Any CPU
		{20FDA6ED-B68E-4610-807B-F358668F181E}.Debug|x86.Deploy.0 = Debug|Any CPU
		{20FDA6ED-B68E-4610-807B-F358668F181E}.Release|Any CPU.ActiveCfg = Release|Any CPU
		{20FDA6ED-B68E-4610-807B-F358668F181E}.Release|Any CPU.Build.0 = Release|Any CPU
		{20FDA6ED-B68E-4610-807B-F358668F181E}.Release|Any CPU.Deploy.0 = Release|Any CPU
		{20FDA6ED-B68E-4610-807B-F358668F181E}.Release|ARM.ActiveCfg = Release|Any CPU
		{20FDA6ED-B68E-4610-807B-F358668F181E}.Release|ARM.Build.0 = Release|Any CPU
		{20FDA6ED-B68E-4610-807B-F358668F181E}.Release|ARM.Deploy.0 = Release|Any CPU
		{20FDA6ED-B68E-4610-807B-F358668F181E}.Release|iPhone.ActiveCfg = Release|Any CPU
		{20FDA6ED-B68E-4610-807B-F358668F181E}.Release|iPhone.Build.0 = Release|Any CPU
		{20FDA6ED-B68E-4610-807B-F358668F181E}.Release|iPhone.Deploy.0 = Release|Any CPU
		{20FDA6ED-B68E-4610-807B-F358668F181E}.Release|iPhoneSimulator.ActiveCfg = Release|Any CPU
		{20FDA6ED-B68E-4610-807B-F358668F181E}.Release|iPhoneSimulator.Build.0 = Release|Any CPU
		{20FDA6ED-B68E-4610-807B-F358668F181E}.Release|iPhoneSimulator.Deploy.0 = Release|Any CPU
		{20FDA6ED-B68E-4610-807B-F358668F181E}.Release|x64.ActiveCfg = Release|Any CPU
		{20FDA6ED-B68E-4610-807B-F358668F181E}.Release|x64.Build.0 = Release|Any CPU
		{20FDA6ED-B68E-4610-807B-F358668F181E}.Release|x64.Deploy.0 = Release|Any CPU
		{20FDA6ED-B68E-4610-807B-F358668F181E}.Release|x86.ActiveCfg = Release|Any CPU
		{20FDA6ED-B68E-4610-807B-F358668F181E}.Release|x86.Build.0 = Release|Any CPU
		{20FDA6ED-B68E-4610-807B-F358668F181E}.Release|x86.Deploy.0 = Release|Any CPU
		{B445DF73-AC9E-4276-9FBA-7CB5AD5D2518}.Ad-Hoc|Any CPU.ActiveCfg = Release|Any CPU
		{B445DF73-AC9E-4276-9FBA-7CB5AD5D2518}.Ad-Hoc|Any CPU.Build.0 = Release|Any CPU
		{B445DF73-AC9E-4276-9FBA-7CB5AD5D2518}.Ad-Hoc|ARM.ActiveCfg = Release|Any CPU
		{B445DF73-AC9E-4276-9FBA-7CB5AD5D2518}.Ad-Hoc|ARM.Build.0 = Release|Any CPU
		{B445DF73-AC9E-4276-9FBA-7CB5AD5D2518}.Ad-Hoc|iPhone.ActiveCfg = Release|Any CPU
		{B445DF73-AC9E-4276-9FBA-7CB5AD5D2518}.Ad-Hoc|iPhone.Build.0 = Release|Any CPU
		{B445DF73-AC9E-4276-9FBA-7CB5AD5D2518}.Ad-Hoc|iPhoneSimulator.ActiveCfg = Release|Any CPU
		{B445DF73-AC9E-4276-9FBA-7CB5AD5D2518}.Ad-Hoc|iPhoneSimulator.Build.0 = Release|Any CPU
		{B445DF73-AC9E-4276-9FBA-7CB5AD5D2518}.Ad-Hoc|x64.ActiveCfg = Release|Any CPU
		{B445DF73-AC9E-4276-9FBA-7CB5AD5D2518}.Ad-Hoc|x64.Build.0 = Release|Any CPU
		{B445DF73-AC9E-4276-9FBA-7CB5AD5D2518}.Ad-Hoc|x86.ActiveCfg = Release|Any CPU
		{B445DF73-AC9E-4276-9FBA-7CB5AD5D2518}.Ad-Hoc|x86.Build.0 = Release|Any CPU
		{B445DF73-AC9E-4276-9FBA-7CB5AD5D2518}.AppStore|Any CPU.ActiveCfg = Release|Any CPU
		{B445DF73-AC9E-4276-9FBA-7CB5AD5D2518}.AppStore|Any CPU.Build.0 = Release|Any CPU
		{B445DF73-AC9E-4276-9FBA-7CB5AD5D2518}.AppStore|ARM.ActiveCfg = Release|Any CPU
		{B445DF73-AC9E-4276-9FBA-7CB5AD5D2518}.AppStore|ARM.Build.0 = Release|Any CPU
		{B445DF73-AC9E-4276-9FBA-7CB5AD5D2518}.AppStore|iPhone.ActiveCfg = Release|Any CPU
		{B445DF73-AC9E-4276-9FBA-7CB5AD5D2518}.AppStore|iPhone.Build.0 = Release|Any CPU
		{B445DF73-AC9E-4276-9FBA-7CB5AD5D2518}.AppStore|iPhoneSimulator.ActiveCfg = Release|Any CPU
		{B445DF73-AC9E-4276-9FBA-7CB5AD5D2518}.AppStore|iPhoneSimulator.Build.0 = Release|Any CPU
		{B445DF73-AC9E-4276-9FBA-7CB5AD5D2518}.AppStore|x64.ActiveCfg = Release|Any CPU
		{B445DF73-AC9E-4276-9FBA-7CB5AD5D2518}.AppStore|x64.Build.0 = Release|Any CPU
		{B445DF73-AC9E-4276-9FBA-7CB5AD5D2518}.AppStore|x86.ActiveCfg = Release|Any CPU
		{B445DF73-AC9E-4276-9FBA-7CB5AD5D2518}.AppStore|x86.Build.0 = Release|Any CPU
		{B445DF73-AC9E-4276-9FBA-7CB5AD5D2518}.Debug|Any CPU.ActiveCfg = Debug|Any CPU
		{B445DF73-AC9E-4276-9FBA-7CB5AD5D2518}.Debug|Any CPU.Build.0 = Debug|Any CPU
		{B445DF73-AC9E-4276-9FBA-7CB5AD5D2518}.Debug|ARM.ActiveCfg = Debug|Any CPU
		{B445DF73-AC9E-4276-9FBA-7CB5AD5D2518}.Debug|ARM.Build.0 = Debug|Any CPU
		{B445DF73-AC9E-4276-9FBA-7CB5AD5D2518}.Debug|iPhone.ActiveCfg = Debug|Any CPU
		{B445DF73-AC9E-4276-9FBA-7CB5AD5D2518}.Debug|iPhone.Build.0 = Debug|Any CPU
		{B445DF73-AC9E-4276-9FBA-7CB5AD5D2518}.Debug|iPhoneSimulator.ActiveCfg = Debug|Any CPU
		{B445DF73-AC9E-4276-9FBA-7CB5AD5D2518}.Debug|iPhoneSimulator.Build.0 = Debug|Any CPU
		{B445DF73-AC9E-4276-9FBA-7CB5AD5D2518}.Debug|x64.ActiveCfg = Debug|Any CPU
		{B445DF73-AC9E-4276-9FBA-7CB5AD5D2518}.Debug|x64.Build.0 = Debug|Any CPU
		{B445DF73-AC9E-4276-9FBA-7CB5AD5D2518}.Debug|x86.ActiveCfg = Debug|Any CPU
		{B445DF73-AC9E-4276-9FBA-7CB5AD5D2518}.Debug|x86.Build.0 = Debug|Any CPU
		{B445DF73-AC9E-4276-9FBA-7CB5AD5D2518}.Release|Any CPU.ActiveCfg = Release|Any CPU
		{B445DF73-AC9E-4276-9FBA-7CB5AD5D2518}.Release|Any CPU.Build.0 = Release|Any CPU
		{B445DF73-AC9E-4276-9FBA-7CB5AD5D2518}.Release|ARM.ActiveCfg = Release|Any CPU
		{B445DF73-AC9E-4276-9FBA-7CB5AD5D2518}.Release|ARM.Build.0 = Release|Any CPU
		{B445DF73-AC9E-4276-9FBA-7CB5AD5D2518}.Release|iPhone.ActiveCfg = Release|Any CPU
		{B445DF73-AC9E-4276-9FBA-7CB5AD5D2518}.Release|iPhone.Build.0 = Release|Any CPU
		{B445DF73-AC9E-4276-9FBA-7CB5AD5D2518}.Release|iPhoneSimulator.ActiveCfg = Release|Any CPU
		{B445DF73-AC9E-4276-9FBA-7CB5AD5D2518}.Release|iPhoneSimulator.Build.0 = Release|Any CPU
		{B445DF73-AC9E-4276-9FBA-7CB5AD5D2518}.Release|x64.ActiveCfg = Release|Any CPU
		{B445DF73-AC9E-4276-9FBA-7CB5AD5D2518}.Release|x64.Build.0 = Release|Any CPU
		{B445DF73-AC9E-4276-9FBA-7CB5AD5D2518}.Release|x86.ActiveCfg = Release|Any CPU
		{B445DF73-AC9E-4276-9FBA-7CB5AD5D2518}.Release|x86.Build.0 = Release|Any CPU
	EndGlobalSection
	GlobalSection(SolutionProperties) = preSolution
		HideSolutionNode = FALSE
	EndGlobalSection
	GlobalSection(ExtensibilityGlobals) = postSolution
		SolutionGuid = {F6D05029-56B8-4E45-AF2D-0E76295DDBA2}
	EndGlobalSection
EndGlobal
