
Microsoft Visual Studio Solution File, Format Version 12.00
# Visual Studio 15
VisualStudioVersion = 15.0.27428.2027
MinimumVisualStudioVersion = 10.0.40219.1
Project("{9A19103F-16F7-4668-BE54-9A1E7A4F7556}") = "GuestControlApi", "GuestControlApi\GuestControlApi.csproj", "{6F65FBDE-70FF-4236-9582-2224868BCECD}"
EndProject
Project("{FAE04EC0-301F-11D3-BF4B-00C04F79EFBC}") = "AppIOT", "..\GuestControlRpi\AppIOT\AppIOT.csproj", "{DCB16F27-7B73-4E99-9E7D-BAA5B9577EC8}"
EndProject
Project("{FAE04EC0-301F-11D3-BF4B-00C04F79EFBC}") = "App1.Android", "App1\App1.Android\App1.Android.csproj", "{F8196AE9-9B72-422A-BCCE-635CFC5875A0}"
EndProject
Project("{FAE04EC0-301F-11D3-BF4B-00C04F79EFBC}") = "App1.iOS", "App1\App1.iOS\App1.iOS.csproj", "{28549DDC-D70A-47C4-A054-0D35304AEDDB}"
EndProject
Project("{FAE04EC0-301F-11D3-BF4B-00C04F79EFBC}") = "App1", "App1\App1\App1.csproj", "{245080F3-0FE5-4643-9491-C85366B9D6C6}"
EndProject
Global
	GlobalSection(SolutionConfigurationPlatforms) = preSolution
		Ad-Hoc|Any CPU = Ad-Hoc|Any CPU
		Ad-Hoc|ARM = Ad-Hoc|ARM
		Ad-Hoc|iPhone = Ad-Hoc|iPhone
		Ad-Hoc|iPhoneSimulator = Ad-Hoc|iPhoneSimulator
		Ad-Hoc|x64 = Ad-Hoc|x64
		Ad-Hoc|x86 = Ad-Hoc|x86
		AppStore|Any CPU = AppStore|Any CPU
		AppStore|ARM = AppStore|ARM
		AppStore|iPhone = AppStore|iPhone
		AppStore|iPhoneSimulator = AppStore|iPhoneSimulator
		AppStore|x64 = AppStore|x64
		AppStore|x86 = AppStore|x86
		Debug|Any CPU = Debug|Any CPU
		Debug|ARM = Debug|ARM
		Debug|iPhone = Debug|iPhone
		Debug|iPhoneSimulator = Debug|iPhoneSimulator
		Debug|x64 = Debug|x64
		Debug|x86 = Debug|x86
		Release|Any CPU = Release|Any CPU
		Release|ARM = Release|ARM
		Release|iPhone = Release|iPhone
		Release|iPhoneSimulator = Release|iPhoneSimulator
		Release|x64 = Release|x64
		Release|x86 = Release|x86
	EndGlobalSection
	GlobalSection(ProjectConfigurationPlatforms) = postSolution
		{6F65FBDE-70FF-4236-9582-2224868BCECD}.Ad-Hoc|Any CPU.ActiveCfg = Release|Any CPU
		{6F65FBDE-70FF-4236-9582-2224868BCECD}.Ad-Hoc|Any CPU.Build.0 = Release|Any CPU
		{6F65FBDE-70FF-4236-9582-2224868BCECD}.Ad-Hoc|ARM.ActiveCfg = Release|Any CPU
		{6F65FBDE-70FF-4236-9582-2224868BCECD}.Ad-Hoc|ARM.Build.0 = Release|Any CPU
		{6F65FBDE-70FF-4236-9582-2224868BCECD}.Ad-Hoc|iPhone.ActiveCfg = Release|Any CPU
		{6F65FBDE-70FF-4236-9582-2224868BCECD}.Ad-Hoc|iPhone.Build.0 = Release|Any CPU
		{6F65FBDE-70FF-4236-9582-2224868BCECD}.Ad-Hoc|iPhoneSimulator.ActiveCfg = Release|Any CPU
		{6F65FBDE-70FF-4236-9582-2224868BCECD}.Ad-Hoc|iPhoneSimulator.Build.0 = Release|Any CPU
		{6F65FBDE-70FF-4236-9582-2224868BCECD}.Ad-Hoc|x64.ActiveCfg = Release|Any CPU
		{6F65FBDE-70FF-4236-9582-2224868BCECD}.Ad-Hoc|x64.Build.0 = Release|Any CPU
		{6F65FBDE-70FF-4236-9582-2224868BCECD}.Ad-Hoc|x86.ActiveCfg = Release|Any CPU
		{6F65FBDE-70FF-4236-9582-2224868BCECD}.Ad-Hoc|x86.Build.0 = Release|Any CPU
		{6F65FBDE-70FF-4236-9582-2224868BCECD}.AppStore|Any CPU.ActiveCfg = Release|Any CPU
		{6F65FBDE-70FF-4236-9582-2224868BCECD}.AppStore|Any CPU.Build.0 = Release|Any CPU
		{6F65FBDE-70FF-4236-9582-2224868BCECD}.AppStore|ARM.ActiveCfg = Release|Any CPU
		{6F65FBDE-70FF-4236-9582-2224868BCECD}.AppStore|ARM.Build.0 = Release|Any CPU
		{6F65FBDE-70FF-4236-9582-2224868BCECD}.AppStore|iPhone.ActiveCfg = Release|Any CPU
		{6F65FBDE-70FF-4236-9582-2224868BCECD}.AppStore|iPhone.Build.0 = Release|Any CPU
		{6F65FBDE-70FF-4236-9582-2224868BCECD}.AppStore|iPhoneSimulator.ActiveCfg = Release|Any CPU
		{6F65FBDE-70FF-4236-9582-2224868BCECD}.AppStore|iPhoneSimulator.Build.0 = Release|Any CPU
		{6F65FBDE-70FF-4236-9582-2224868BCECD}.AppStore|x64.ActiveCfg = Release|Any CPU
		{6F65FBDE-70FF-4236-9582-2224868BCECD}.AppStore|x64.Build.0 = Release|Any CPU
		{6F65FBDE-70FF-4236-9582-2224868BCECD}.AppStore|x86.ActiveCfg = Release|Any CPU
		{6F65FBDE-70FF-4236-9582-2224868BCECD}.AppStore|x86.Build.0 = Release|Any CPU
		{6F65FBDE-70FF-4236-9582-2224868BCECD}.Debug|Any CPU.ActiveCfg = Debug|Any CPU
		{6F65FBDE-70FF-4236-9582-2224868BCECD}.Debug|Any CPU.Build.0 = Debug|Any CPU
		{6F65FBDE-70FF-4236-9582-2224868BCECD}.Debug|ARM.ActiveCfg = Debug|Any CPU
		{6F65FBDE-70FF-4236-9582-2224868BCECD}.Debug|ARM.Build.0 = Debug|Any CPU
		{6F65FBDE-70FF-4236-9582-2224868BCECD}.Debug|iPhone.ActiveCfg = Debug|Any CPU
		{6F65FBDE-70FF-4236-9582-2224868BCECD}.Debug|iPhone.Build.0 = Debug|Any CPU
		{6F65FBDE-70FF-4236-9582-2224868BCECD}.Debug|iPhoneSimulator.ActiveCfg = Debug|Any CPU
		{6F65FBDE-70FF-4236-9582-2224868BCECD}.Debug|iPhoneSimulator.Build.0 = Debug|Any CPU
		{6F65FBDE-70FF-4236-9582-2224868BCECD}.Debug|x64.ActiveCfg = Debug|Any CPU
		{6F65FBDE-70FF-4236-9582-2224868BCECD}.Debug|x64.Build.0 = Debug|Any CPU
		{6F65FBDE-70FF-4236-9582-2224868BCECD}.Debug|x86.ActiveCfg = Debug|Any CPU
		{6F65FBDE-70FF-4236-9582-2224868BCECD}.Debug|x86.Build.0 = Debug|Any CPU
		{6F65FBDE-70FF-4236-9582-2224868BCECD}.Release|Any CPU.ActiveCfg = Release|Any CPU
		{6F65FBDE-70FF-4236-9582-2224868BCECD}.Release|Any CPU.Build.0 = Release|Any CPU
		{6F65FBDE-70FF-4236-9582-2224868BCECD}.Release|ARM.ActiveCfg = Release|Any CPU
		{6F65FBDE-70FF-4236-9582-2224868BCECD}.Release|ARM.Build.0 = Release|Any CPU
		{6F65FBDE-70FF-4236-9582-2224868BCECD}.Release|iPhone.ActiveCfg = Release|Any CPU
		{6F65FBDE-70FF-4236-9582-2224868BCECD}.Release|iPhone.Build.0 = Release|Any CPU
		{6F65FBDE-70FF-4236-9582-2224868BCECD}.Release|iPhoneSimulator.ActiveCfg = Release|Any CPU
		{6F65FBDE-70FF-4236-9582-2224868BCECD}.Release|iPhoneSimulator.Build.0 = Release|Any CPU
		{6F65FBDE-70FF-4236-9582-2224868BCECD}.Release|x64.ActiveCfg = Release|Any CPU
		{6F65FBDE-70FF-4236-9582-2224868BCECD}.Release|x64.Build.0 = Release|Any CPU
		{6F65FBDE-70FF-4236-9582-2224868BCECD}.Release|x86.ActiveCfg = Release|Any CPU
		{6F65FBDE-70FF-4236-9582-2224868BCECD}.Release|x86.Build.0 = Release|Any CPU
		{DCB16F27-7B73-4E99-9E7D-BAA5B9577EC8}.Ad-Hoc|Any CPU.ActiveCfg = Release|x64
		{DCB16F27-7B73-4E99-9E7D-BAA5B9577EC8}.Ad-Hoc|Any CPU.Build.0 = Release|x64
		{DCB16F27-7B73-4E99-9E7D-BAA5B9577EC8}.Ad-Hoc|Any CPU.Deploy.0 = Release|x64
		{DCB16F27-7B73-4E99-9E7D-BAA5B9577EC8}.Ad-Hoc|ARM.ActiveCfg = Release|ARM
		{DCB16F27-7B73-4E99-9E7D-BAA5B9577EC8}.Ad-Hoc|ARM.Build.0 = Release|ARM
		{DCB16F27-7B73-4E99-9E7D-BAA5B9577EC8}.Ad-Hoc|ARM.Deploy.0 = Release|ARM
		{DCB16F27-7B73-4E99-9E7D-BAA5B9577EC8}.Ad-Hoc|iPhone.ActiveCfg = Release|x64
		{DCB16F27-7B73-4E99-9E7D-BAA5B9577EC8}.Ad-Hoc|iPhone.Build.0 = Release|x64
		{DCB16F27-7B73-4E99-9E7D-BAA5B9577EC8}.Ad-Hoc|iPhone.Deploy.0 = Release|x64
		{DCB16F27-7B73-4E99-9E7D-BAA5B9577EC8}.Ad-Hoc|iPhoneSimulator.ActiveCfg = Release|x64
		{DCB16F27-7B73-4E99-9E7D-BAA5B9577EC8}.Ad-Hoc|iPhoneSimulator.Build.0 = Release|x64
		{DCB16F27-7B73-4E99-9E7D-BAA5B9577EC8}.Ad-Hoc|iPhoneSimulator.Deploy.0 = Release|x64
		{DCB16F27-7B73-4E99-9E7D-BAA5B9577EC8}.Ad-Hoc|x64.ActiveCfg = Release|x64
		{DCB16F27-7B73-4E99-9E7D-BAA5B9577EC8}.Ad-Hoc|x64.Build.0 = Release|x64
		{DCB16F27-7B73-4E99-9E7D-BAA5B9577EC8}.Ad-Hoc|x64.Deploy.0 = Release|x64
		{DCB16F27-7B73-4E99-9E7D-BAA5B9577EC8}.Ad-Hoc|x86.ActiveCfg = Release|x86
		{DCB16F27-7B73-4E99-9E7D-BAA5B9577EC8}.Ad-Hoc|x86.Build.0 = Release|x86
		{DCB16F27-7B73-4E99-9E7D-BAA5B9577EC8}.Ad-Hoc|x86.Deploy.0 = Release|x86
		{DCB16F27-7B73-4E99-9E7D-BAA5B9577EC8}.AppStore|Any CPU.ActiveCfg = Release|x64
		{DCB16F27-7B73-4E99-9E7D-BAA5B9577EC8}.AppStore|Any CPU.Build.0 = Release|x64
		{DCB16F27-7B73-4E99-9E7D-BAA5B9577EC8}.AppStore|Any CPU.Deploy.0 = Release|x64
		{DCB16F27-7B73-4E99-9E7D-BAA5B9577EC8}.AppStore|ARM.ActiveCfg = Release|ARM
		{DCB16F27-7B73-4E99-9E7D-BAA5B9577EC8}.AppStore|ARM.Build.0 = Release|ARM
		{DCB16F27-7B73-4E99-9E7D-BAA5B9577EC8}.AppStore|ARM.Deploy.0 = Release|ARM
		{DCB16F27-7B73-4E99-9E7D-BAA5B9577EC8}.AppStore|iPhone.ActiveCfg = Release|x64
		{DCB16F27-7B73-4E99-9E7D-BAA5B9577EC8}.AppStore|iPhone.Build.0 = Release|x64
		{DCB16F27-7B73-4E99-9E7D-BAA5B9577EC8}.AppStore|iPhone.Deploy.0 = Release|x64
		{DCB16F27-7B73-4E99-9E7D-BAA5B9577EC8}.AppStore|iPhoneSimulator.ActiveCfg = Release|x64
		{DCB16F27-7B73-4E99-9E7D-BAA5B9577EC8}.AppStore|iPhoneSimulator.Build.0 = Release|x64
		{DCB16F27-7B73-4E99-9E7D-BAA5B9577EC8}.AppStore|iPhoneSimulator.Deploy.0 = Release|x64
		{DCB16F27-7B73-4E99-9E7D-BAA5B9577EC8}.AppStore|x64.ActiveCfg = Release|x64
		{DCB16F27-7B73-4E99-9E7D-BAA5B9577EC8}.AppStore|x64.Build.0 = Release|x64
		{DCB16F27-7B73-4E99-9E7D-BAA5B9577EC8}.AppStore|x64.Deploy.0 = Release|x64
		{DCB16F27-7B73-4E99-9E7D-BAA5B9577EC8}.AppStore|x86.ActiveCfg = Release|x86
		{DCB16F27-7B73-4E99-9E7D-BAA5B9577EC8}.AppStore|x86.Build.0 = Release|x86
		{DCB16F27-7B73-4E99-9E7D-BAA5B9577EC8}.AppStore|x86.Deploy.0 = Release|x86
		{DCB16F27-7B73-4E99-9E7D-BAA5B9577EC8}.Debug|Any CPU.ActiveCfg = Debug|x86
		{DCB16F27-7B73-4E99-9E7D-BAA5B9577EC8}.Debug|ARM.ActiveCfg = Debug|ARM
		{DCB16F27-7B73-4E99-9E7D-BAA5B9577EC8}.Debug|ARM.Build.0 = Debug|ARM
		{DCB16F27-7B73-4E99-9E7D-BAA5B9577EC8}.Debug|ARM.Deploy.0 = Debug|ARM
		{DCB16F27-7B73-4E99-9E7D-BAA5B9577EC8}.Debug|iPhone.ActiveCfg = Debug|x86
		{DCB16F27-7B73-4E99-9E7D-BAA5B9577EC8}.Debug|iPhoneSimulator.ActiveCfg = Debug|x86
		{DCB16F27-7B73-4E99-9E7D-BAA5B9577EC8}.Debug|x64.ActiveCfg = Debug|x64
		{DCB16F27-7B73-4E99-9E7D-BAA5B9577EC8}.Debug|x64.Build.0 = Debug|x64
		{DCB16F27-7B73-4E99-9E7D-BAA5B9577EC8}.Debug|x64.Deploy.0 = Debug|x64
		{DCB16F27-7B73-4E99-9E7D-BAA5B9577EC8}.Debug|x86.ActiveCfg = Debug|x86
		{DCB16F27-7B73-4E99-9E7D-BAA5B9577EC8}.Debug|x86.Build.0 = Debug|x86
		{DCB16F27-7B73-4E99-9E7D-BAA5B9577EC8}.Debug|x86.Deploy.0 = Debug|x86
		{DCB16F27-7B73-4E99-9E7D-BAA5B9577EC8}.Release|Any CPU.ActiveCfg = Release|x86
		{DCB16F27-7B73-4E99-9E7D-BAA5B9577EC8}.Release|ARM.ActiveCfg = Release|ARM
		{DCB16F27-7B73-4E99-9E7D-BAA5B9577EC8}.Release|ARM.Build.0 = Release|ARM
		{DCB16F27-7B73-4E99-9E7D-BAA5B9577EC8}.Release|ARM.Deploy.0 = Release|ARM
		{DCB16F27-7B73-4E99-9E7D-BAA5B9577EC8}.Release|iPhone.ActiveCfg = Release|x86
		{DCB16F27-7B73-4E99-9E7D-BAA5B9577EC8}.Release|iPhoneSimulator.ActiveCfg = Release|x86
		{DCB16F27-7B73-4E99-9E7D-BAA5B9577EC8}.Release|x64.ActiveCfg = Release|x64
		{DCB16F27-7B73-4E99-9E7D-BAA5B9577EC8}.Release|x64.Build.0 = Release|x64
		{DCB16F27-7B73-4E99-9E7D-BAA5B9577EC8}.Release|x64.Deploy.0 = Release|x64
		{DCB16F27-7B73-4E99-9E7D-BAA5B9577EC8}.Release|x86.ActiveCfg = Release|x86
		{DCB16F27-7B73-4E99-9E7D-BAA5B9577EC8}.Release|x86.Build.0 = Release|x86
		{DCB16F27-7B73-4E99-9E7D-BAA5B9577EC8}.Release|x86.Deploy.0 = Release|x86
		{F8196AE9-9B72-422A-BCCE-635CFC5875A0}.Ad-Hoc|Any CPU.ActiveCfg = Release|Any CPU
		{F8196AE9-9B72-422A-BCCE-635CFC5875A0}.Ad-Hoc|Any CPU.Build.0 = Release|Any CPU
		{F8196AE9-9B72-422A-BCCE-635CFC5875A0}.Ad-Hoc|Any CPU.Deploy.0 = Release|Any CPU
		{F8196AE9-9B72-422A-BCCE-635CFC5875A0}.Ad-Hoc|ARM.ActiveCfg = Release|Any CPU
		{F8196AE9-9B72-422A-BCCE-635CFC5875A0}.Ad-Hoc|ARM.Build.0 = Release|Any CPU
		{F8196AE9-9B72-422A-BCCE-635CFC5875A0}.Ad-Hoc|ARM.Deploy.0 = Release|Any CPU
		{F8196AE9-9B72-422A-BCCE-635CFC5875A0}.Ad-Hoc|iPhone.ActiveCfg = Release|Any CPU
		{F8196AE9-9B72-422A-BCCE-635CFC5875A0}.Ad-Hoc|iPhone.Build.0 = Release|Any CPU
		{F8196AE9-9B72-422A-BCCE-635CFC5875A0}.Ad-Hoc|iPhone.Deploy.0 = Release|Any CPU
		{F8196AE9-9B72-422A-BCCE-635CFC5875A0}.Ad-Hoc|iPhoneSimulator.ActiveCfg = Release|Any CPU
		{F8196AE9-9B72-422A-BCCE-635CFC5875A0}.Ad-Hoc|iPhoneSimulator.Build.0 = Release|Any CPU
		{F8196AE9-9B72-422A-BCCE-635CFC5875A0}.Ad-Hoc|iPhoneSimulator.Deploy.0 = Release|Any CPU
		{F8196AE9-9B72-422A-BCCE-635CFC5875A0}.Ad-Hoc|x64.ActiveCfg = Release|Any CPU
		{F8196AE9-9B72-422A-BCCE-635CFC5875A0}.Ad-Hoc|x64.Build.0 = Release|Any CPU
		{F8196AE9-9B72-422A-BCCE-635CFC5875A0}.Ad-Hoc|x64.Deploy.0 = Release|Any CPU
		{F8196AE9-9B72-422A-BCCE-635CFC5875A0}.Ad-Hoc|x86.ActiveCfg = Release|Any CPU
		{F8196AE9-9B72-422A-BCCE-635CFC5875A0}.Ad-Hoc|x86.Build.0 = Release|Any CPU
		{F8196AE9-9B72-422A-BCCE-635CFC5875A0}.Ad-Hoc|x86.Deploy.0 = Release|Any CPU
		{F8196AE9-9B72-422A-BCCE-635CFC5875A0}.AppStore|Any CPU.ActiveCfg = Release|Any CPU
		{F8196AE9-9B72-422A-BCCE-635CFC5875A0}.AppStore|Any CPU.Build.0 = Release|Any CPU
		{F8196AE9-9B72-422A-BCCE-635CFC5875A0}.AppStore|Any CPU.Deploy.0 = Release|Any CPU
		{F8196AE9-9B72-422A-BCCE-635CFC5875A0}.AppStore|ARM.ActiveCfg = Release|Any CPU
		{F8196AE9-9B72-422A-BCCE-635CFC5875A0}.AppStore|ARM.Build.0 = Release|Any CPU
		{F8196AE9-9B72-422A-BCCE-635CFC5875A0}.AppStore|ARM.Deploy.0 = Release|Any CPU
		{F8196AE9-9B72-422A-BCCE-635CFC5875A0}.AppStore|iPhone.ActiveCfg = Release|Any CPU
		{F8196AE9-9B72-422A-BCCE-635CFC5875A0}.AppStore|iPhone.Build.0 = Release|Any CPU
		{F8196AE9-9B72-422A-BCCE-635CFC5875A0}.AppStore|iPhone.Deploy.0 = Release|Any CPU
		{F8196AE9-9B72-422A-BCCE-635CFC5875A0}.AppStore|iPhoneSimulator.ActiveCfg = Release|Any CPU
		{F8196AE9-9B72-422A-BCCE-635CFC5875A0}.AppStore|iPhoneSimulator.Build.0 = Release|Any CPU
		{F8196AE9-9B72-422A-BCCE-635CFC5875A0}.AppStore|iPhoneSimulator.Deploy.0 = Release|Any CPU
		{F8196AE9-9B72-422A-BCCE-635CFC5875A0}.AppStore|x64.ActiveCfg = Release|Any CPU
		{F8196AE9-9B72-422A-BCCE-635CFC5875A0}.AppStore|x64.Build.0 = Release|Any CPU
		{F8196AE9-9B72-422A-BCCE-635CFC5875A0}.AppStore|x64.Deploy.0 = Release|Any CPU
		{F8196AE9-9B72-422A-BCCE-635CFC5875A0}.AppStore|x86.ActiveCfg = Release|Any CPU
		{F8196AE9-9B72-422A-BCCE-635CFC5875A0}.AppStore|x86.Build.0 = Release|Any CPU
		{F8196AE9-9B72-422A-BCCE-635CFC5875A0}.AppStore|x86.Deploy.0 = Release|Any CPU
		{F8196AE9-9B72-422A-BCCE-635CFC5875A0}.Debug|Any CPU.ActiveCfg = Debug|Any CPU
		{F8196AE9-9B72-422A-BCCE-635CFC5875A0}.Debug|Any CPU.Build.0 = Debug|Any CPU
		{F8196AE9-9B72-422A-BCCE-635CFC5875A0}.Debug|Any CPU.Deploy.0 = Debug|Any CPU
		{F8196AE9-9B72-422A-BCCE-635CFC5875A0}.Debug|ARM.ActiveCfg = Debug|Any CPU
		{F8196AE9-9B72-422A-BCCE-635CFC5875A0}.Debug|ARM.Build.0 = Debug|Any CPU
		{F8196AE9-9B72-422A-BCCE-635CFC5875A0}.Debug|ARM.Deploy.0 = Debug|Any CPU
		{F8196AE9-9B72-422A-BCCE-635CFC5875A0}.Debug|iPhone.ActiveCfg = Debug|Any CPU
		{F8196AE9-9B72-422A-BCCE-635CFC5875A0}.Debug|iPhone.Build.0 = Debug|Any CPU
		{F8196AE9-9B72-422A-BCCE-635CFC5875A0}.Debug|iPhone.Deploy.0 = Debug|Any CPU
		{F8196AE9-9B72-422A-BCCE-635CFC5875A0}.Debug|iPhoneSimulator.ActiveCfg = Debug|Any CPU
		{F8196AE9-9B72-422A-BCCE-635CFC5875A0}.Debug|iPhoneSimulator.Build.0 = Debug|Any CPU
		{F8196AE9-9B72-422A-BCCE-635CFC5875A0}.Debug|iPhoneSimulator.Deploy.0 = Debug|Any CPU
		{F8196AE9-9B72-422A-BCCE-635CFC5875A0}.Debug|x64.ActiveCfg = Debug|Any CPU
		{F8196AE9-9B72-422A-BCCE-635CFC5875A0}.Debug|x64.Build.0 = Debug|Any CPU
		{F8196AE9-9B72-422A-BCCE-635CFC5875A0}.Debug|x64.Deploy.0 = Debug|Any CPU
		{F8196AE9-9B72-422A-BCCE-635CFC5875A0}.Debug|x86.ActiveCfg = Debug|Any CPU
		{F8196AE9-9B72-422A-BCCE-635CFC5875A0}.Debug|x86.Build.0 = Debug|Any CPU
		{F8196AE9-9B72-422A-BCCE-635CFC5875A0}.Debug|x86.Deploy.0 = Debug|Any CPU
		{F8196AE9-9B72-422A-BCCE-635CFC5875A0}.Release|Any CPU.ActiveCfg = Release|Any CPU
		{F8196AE9-9B72-422A-BCCE-635CFC5875A0}.Release|Any CPU.Build.0 = Release|Any CPU
		{F8196AE9-9B72-422A-BCCE-635CFC5875A0}.Release|Any CPU.Deploy.0 = Release|Any CPU
		{F8196AE9-9B72-422A-BCCE-635CFC5875A0}.Release|ARM.ActiveCfg = Release|Any CPU
		{F8196AE9-9B72-422A-BCCE-635CFC5875A0}.Release|ARM.Build.0 = Release|Any CPU
		{F8196AE9-9B72-422A-BCCE-635CFC5875A0}.Release|ARM.Deploy.0 = Release|Any CPU
		{F8196AE9-9B72-422A-BCCE-635CFC5875A0}.Release|iPhone.ActiveCfg = Release|Any CPU
		{F8196AE9-9B72-422A-BCCE-635CFC5875A0}.Release|iPhone.Build.0 = Release|Any CPU
		{F8196AE9-9B72-422A-BCCE-635CFC5875A0}.Release|iPhone.Deploy.0 = Release|Any CPU
		{F8196AE9-9B72-422A-BCCE-635CFC5875A0}.Release|iPhoneSimulator.ActiveCfg = Release|Any CPU
		{F8196AE9-9B72-422A-BCCE-635CFC5875A0}.Release|iPhoneSimulator.Build.0 = Release|Any CPU
		{F8196AE9-9B72-422A-BCCE-635CFC5875A0}.Release|iPhoneSimulator.Deploy.0 = Release|Any CPU
		{F8196AE9-9B72-422A-BCCE-635CFC5875A0}.Release|x64.ActiveCfg = Release|Any CPU
		{F8196AE9-9B72-422A-BCCE-635CFC5875A0}.Release|x64.Build.0 = Release|Any CPU
		{F8196AE9-9B72-422A-BCCE-635CFC5875A0}.Release|x64.Deploy.0 = Release|Any CPU
		{F8196AE9-9B72-422A-BCCE-635CFC5875A0}.Release|x86.ActiveCfg = Release|Any CPU
		{F8196AE9-9B72-422A-BCCE-635CFC5875A0}.Release|x86.Build.0 = Release|Any CPU
		{F8196AE9-9B72-422A-BCCE-635CFC5875A0}.Release|x86.Deploy.0 = Release|Any CPU
		{28549DDC-D70A-47C4-A054-0D35304AEDDB}.Ad-Hoc|Any CPU.ActiveCfg = Ad-Hoc|iPhone
		{28549DDC-D70A-47C4-A054-0D35304AEDDB}.Ad-Hoc|ARM.ActiveCfg = Ad-Hoc|iPhone
		{28549DDC-D70A-47C4-A054-0D35304AEDDB}.Ad-Hoc|iPhone.ActiveCfg = Ad-Hoc|iPhone
		{28549DDC-D70A-47C4-A054-0D35304AEDDB}.Ad-Hoc|iPhone.Build.0 = Ad-Hoc|iPhone
		{28549DDC-D70A-47C4-A054-0D35304AEDDB}.Ad-Hoc|iPhoneSimulator.ActiveCfg = Ad-Hoc|iPhoneSimulator
		{28549DDC-D70A-47C4-A054-0D35304AEDDB}.Ad-Hoc|iPhoneSimulator.Build.0 = Ad-Hoc|iPhoneSimulator
		{28549DDC-D70A-47C4-A054-0D35304AEDDB}.Ad-Hoc|x64.ActiveCfg = Ad-Hoc|iPhone
		{28549DDC-D70A-47C4-A054-0D35304AEDDB}.Ad-Hoc|x86.ActiveCfg = Ad-Hoc|iPhone
		{28549DDC-D70A-47C4-A054-0D35304AEDDB}.AppStore|Any CPU.ActiveCfg = AppStore|iPhone
		{28549DDC-D70A-47C4-A054-0D35304AEDDB}.AppStore|ARM.ActiveCfg = AppStore|iPhone
		{28549DDC-D70A-47C4-A054-0D35304AEDDB}.AppStore|iPhone.ActiveCfg = AppStore|iPhone
		{28549DDC-D70A-47C4-A054-0D35304AEDDB}.AppStore|iPhone.Build.0 = AppStore|iPhone
		{28549DDC-D70A-47C4-A054-0D35304AEDDB}.AppStore|iPhoneSimulator.ActiveCfg = AppStore|iPhoneSimulator
		{28549DDC-D70A-47C4-A054-0D35304AEDDB}.AppStore|iPhoneSimulator.Build.0 = AppStore|iPhoneSimulator
		{28549DDC-D70A-47C4-A054-0D35304AEDDB}.AppStore|x64.ActiveCfg = AppStore|iPhone
		{28549DDC-D70A-47C4-A054-0D35304AEDDB}.AppStore|x86.ActiveCfg = AppStore|iPhone
		{28549DDC-D70A-47C4-A054-0D35304AEDDB}.Debug|Any CPU.ActiveCfg = Debug|iPhone
		{28549DDC-D70A-47C4-A054-0D35304AEDDB}.Debug|ARM.ActiveCfg = Debug|iPhone
		{28549DDC-D70A-47C4-A054-0D35304AEDDB}.Debug|iPhone.ActiveCfg = Debug|iPhone
		{28549DDC-D70A-47C4-A054-0D35304AEDDB}.Debug|iPhone.Build.0 = Debug|iPhone
		{28549DDC-D70A-47C4-A054-0D35304AEDDB}.Debug|iPhoneSimulator.ActiveCfg = Debug|iPhoneSimulator
		{28549DDC-D70A-47C4-A054-0D35304AEDDB}.Debug|iPhoneSimulator.Build.0 = Debug|iPhoneSimulator
		{28549DDC-D70A-47C4-A054-0D35304AEDDB}.Debug|x64.ActiveCfg = Debug|iPhone
		{28549DDC-D70A-47C4-A054-0D35304AEDDB}.Debug|x86.ActiveCfg = Debug|iPhone
		{28549DDC-D70A-47C4-A054-0D35304AEDDB}.Release|Any CPU.ActiveCfg = Release|iPhone
		{28549DDC-D70A-47C4-A054-0D35304AEDDB}.Release|ARM.ActiveCfg = Release|iPhone
		{28549DDC-D70A-47C4-A054-0D35304AEDDB}.Release|iPhone.ActiveCfg = Release|iPhone
		{28549DDC-D70A-47C4-A054-0D35304AEDDB}.Release|iPhone.Build.0 = Release|iPhone
		{28549DDC-D70A-47C4-A054-0D35304AEDDB}.Release|iPhoneSimulator.ActiveCfg = Release|iPhoneSimulator
		{28549DDC-D70A-47C4-A054-0D35304AEDDB}.Release|iPhoneSimulator.Build.0 = Release|iPhoneSimulator
		{28549DDC-D70A-47C4-A054-0D35304AEDDB}.Release|x64.ActiveCfg = Release|iPhone
		{28549DDC-D70A-47C4-A054-0D35304AEDDB}.Release|x86.ActiveCfg = Release|iPhone
		{245080F3-0FE5-4643-9491-C85366B9D6C6}.Ad-Hoc|Any CPU.ActiveCfg = Debug|Any CPU
		{245080F3-0FE5-4643-9491-C85366B9D6C6}.Ad-Hoc|Any CPU.Build.0 = Debug|Any CPU
		{245080F3-0FE5-4643-9491-C85366B9D6C6}.Ad-Hoc|ARM.ActiveCfg = Debug|Any CPU
		{245080F3-0FE5-4643-9491-C85366B9D6C6}.Ad-Hoc|ARM.Build.0 = Debug|Any CPU
		{245080F3-0FE5-4643-9491-C85366B9D6C6}.Ad-Hoc|iPhone.ActiveCfg = Debug|Any CPU
		{245080F3-0FE5-4643-9491-C85366B9D6C6}.Ad-Hoc|iPhone.Build.0 = Debug|Any CPU
		{245080F3-0FE5-4643-9491-C85366B9D6C6}.Ad-Hoc|iPhoneSimulator.ActiveCfg = Debug|Any CPU
		{245080F3-0FE5-4643-9491-C85366B9D6C6}.Ad-Hoc|iPhoneSimulator.Build.0 = Debug|Any CPU
		{245080F3-0FE5-4643-9491-C85366B9D6C6}.Ad-Hoc|x64.ActiveCfg = Debug|Any CPU
		{245080F3-0FE5-4643-9491-C85366B9D6C6}.Ad-Hoc|x64.Build.0 = Debug|Any CPU
		{245080F3-0FE5-4643-9491-C85366B9D6C6}.Ad-Hoc|x86.ActiveCfg = Debug|Any CPU
		{245080F3-0FE5-4643-9491-C85366B9D6C6}.Ad-Hoc|x86.Build.0 = Debug|Any CPU
		{245080F3-0FE5-4643-9491-C85366B9D6C6}.AppStore|Any CPU.ActiveCfg = Debug|Any CPU
		{245080F3-0FE5-4643-9491-C85366B9D6C6}.AppStore|Any CPU.Build.0 = Debug|Any CPU
		{245080F3-0FE5-4643-9491-C85366B9D6C6}.AppStore|ARM.ActiveCfg = Debug|Any CPU
		{245080F3-0FE5-4643-9491-C85366B9D6C6}.AppStore|ARM.Build.0 = Debug|Any CPU
		{245080F3-0FE5-4643-9491-C85366B9D6C6}.AppStore|iPhone.ActiveCfg = Debug|Any CPU
		{245080F3-0FE5-4643-9491-C85366B9D6C6}.AppStore|iPhone.Build.0 = Debug|Any CPU
		{245080F3-0FE5-4643-9491-C85366B9D6C6}.AppStore|iPhoneSimulator.ActiveCfg = Debug|Any CPU
		{245080F3-0FE5-4643-9491-C85366B9D6C6}.AppStore|iPhoneSimulator.Build.0 = Debug|Any CPU
		{245080F3-0FE5-4643-9491-C85366B9D6C6}.AppStore|x64.ActiveCfg = Debug|Any CPU
		{245080F3-0FE5-4643-9491-C85366B9D6C6}.AppStore|x64.Build.0 = Debug|Any CPU
		{245080F3-0FE5-4643-9491-C85366B9D6C6}.AppStore|x86.ActiveCfg = Debug|Any CPU
		{245080F3-0FE5-4643-9491-C85366B9D6C6}.AppStore|x86.Build.0 = Debug|Any CPU
		{245080F3-0FE5-4643-9491-C85366B9D6C6}.Debug|Any CPU.ActiveCfg = Debug|Any CPU
		{245080F3-0FE5-4643-9491-C85366B9D6C6}.Debug|Any CPU.Build.0 = Debug|Any CPU
		{245080F3-0FE5-4643-9491-C85366B9D6C6}.Debug|ARM.ActiveCfg = Debug|Any CPU
		{245080F3-0FE5-4643-9491-C85366B9D6C6}.Debug|ARM.Build.0 = Debug|Any CPU
		{245080F3-0FE5-4643-9491-C85366B9D6C6}.Debug|iPhone.ActiveCfg = Debug|Any CPU
		{245080F3-0FE5-4643-9491-C85366B9D6C6}.Debug|iPhone.Build.0 = Debug|Any CPU
		{245080F3-0FE5-4643-9491-C85366B9D6C6}.Debug|iPhoneSimulator.ActiveCfg = Debug|Any CPU
		{245080F3-0FE5-4643-9491-C85366B9D6C6}.Debug|iPhoneSimulator.Build.0 = Debug|Any CPU
		{245080F3-0FE5-4643-9491-C85366B9D6C6}.Debug|x64.ActiveCfg = Debug|Any CPU
		{245080F3-0FE5-4643-9491-C85366B9D6C6}.Debug|x64.Build.0 = Debug|Any CPU
		{245080F3-0FE5-4643-9491-C85366B9D6C6}.Debug|x86.ActiveCfg = Debug|Any CPU
		{245080F3-0FE5-4643-9491-C85366B9D6C6}.Debug|x86.Build.0 = Debug|Any CPU
		{245080F3-0FE5-4643-9491-C85366B9D6C6}.Release|Any CPU.ActiveCfg = Release|Any CPU
		{245080F3-0FE5-4643-9491-C85366B9D6C6}.Release|Any CPU.Build.0 = Release|Any CPU
		{245080F3-0FE5-4643-9491-C85366B9D6C6}.Release|ARM.ActiveCfg = Release|Any CPU
		{245080F3-0FE5-4643-9491-C85366B9D6C6}.Release|ARM.Build.0 = Release|Any CPU
		{245080F3-0FE5-4643-9491-C85366B9D6C6}.Release|iPhone.ActiveCfg = Release|Any CPU
		{245080F3-0FE5-4643-9491-C85366B9D6C6}.Release|iPhone.Build.0 = Release|Any CPU
		{245080F3-0FE5-4643-9491-C85366B9D6C6}.Release|iPhoneSimulator.ActiveCfg = Release|Any CPU
		{245080F3-0FE5-4643-9491-C85366B9D6C6}.Release|iPhoneSimulator.Build.0 = Release|Any CPU
		{245080F3-0FE5-4643-9491-C85366B9D6C6}.Release|x64.ActiveCfg = Release|Any CPU
		{245080F3-0FE5-4643-9491-C85366B9D6C6}.Release|x64.Build.0 = Release|Any CPU
		{245080F3-0FE5-4643-9491-C85366B9D6C6}.Release|x86.ActiveCfg = Release|Any CPU
		{245080F3-0FE5-4643-9491-C85366B9D6C6}.Release|x86.Build.0 = Release|Any CPU
	EndGlobalSection
	GlobalSection(SolutionProperties) = preSolution
		HideSolutionNode = FALSE
	EndGlobalSection
	GlobalSection(ExtensibilityGlobals) = postSolution
		SolutionGuid = {48042B15-4809-4AD2-98FD-45D62CAA0A35}
	EndGlobalSection
EndGlobal
